
Microsoft Visual Studio Solution File, Format Version 12.00
# Visual Studio Version 17
VisualStudioVersion = 17.0.32014.148
MinimumVisualStudioVersion = 10.0.40219.1
Project("{9A19103F-16F7-4668-BE54-9A1E7A4F7556}") = "techsolaWorkClockTimer", "techsolaWorkClockTimer\techsolaWorkClockTimer.csproj", "{005099BA-676B-4BC6-AEB4-116494FD6732}"
EndProject
Global
	GlobalSection(SolutionConfigurationPlatforms) = preSolution
		Debug|Any CPU = Debug|Any CPU
		Release|Any CPU = Release|Any CPU
	EndGlobalSection
	GlobalSection(ProjectConfigurationPlatforms) = postSolution
		{005099BA-676B-4BC6-AEB4-116494FD6732}.Debug|Any CPU.ActiveCfg = Debug|Any CPU
		{005099BA-676B-4BC6-AEB4-116494FD6732}.Debug|Any CPU.Build.0 = Debug|Any CPU
		{005099BA-676B-4BC6-AEB4-116494FD6732}.Release|Any CPU.ActiveCfg = Release|Any CPU
		{005099BA-676B-4BC6-AEB4-116494FD6732}.Release|Any CPU.Build.0 = Release|Any CPU
	EndGlobalSection
	GlobalSection(SolutionProperties) = preSolution
		HideSolutionNode = FALSE
	EndGlobalSection
	GlobalSection(ExtensibilityGlobals) = postSolution
		SolutionGuid = {A4D4F991-D8EA-4478-9E4D-2A6478F41114}
	EndGlobalSection
EndGlobal
